
Microsoft Visual Studio Solution File, Format Version 12.00
# Visual Studio Version 17
VisualStudioVersion = 17.4.33110.190
MinimumVisualStudioVersion = 10.0.40219.1
Project("{FAE04EC0-301F-11D3-BF4B-00C04F79EFBC}") = "TrackingDataChanges", "TrackingDataChanges\TrackingDataChanges.csproj", "{D541DD89-1AF9-4A5B-BA8B-4A5D9898B95A}"
EndProject
Global
	GlobalSection(SolutionConfigurationPlatforms) = preSolution
		Debug|Any CPU = Debug|Any CPU
		Release|Any CPU = Release|Any CPU
	EndGlobalSection
	GlobalSection(ProjectConfigurationPlatforms) = postSolution
		{D541DD89-1AF9-4A5B-BA8B-4A5D9898B95A}.Debug|Any CPU.ActiveCfg = Debug|Any CPU
		{D541DD89-1AF9-4A5B-BA8B-4A5D9898B95A}.Debug|Any CPU.Build.0 = Debug|Any CPU
		{D541DD89-1AF9-4A5B-BA8B-4A5D9898B95A}.Release|Any CPU.ActiveCfg = Release|Any CPU
		{D541DD89-1AF9-4A5B-BA8B-4A5D9898B95A}.Release|Any CPU.Build.0 = Release|Any CPU
	EndGlobalSection
	GlobalSection(SolutionProperties) = preSolution
		HideSolutionNode = FALSE
	EndGlobalSection
	GlobalSection(ExtensibilityGlobals) = postSolution
		SolutionGuid = {09B2321B-EF29-4BB4-BF7B-922EE43E4A86}
	EndGlobalSection
EndGlobal
